// !$*UTF8*$!
{
	archiveVersion = 1;
	classes = {
	};
	objectVersion = 46;
	objects = {

/* Begin PBXBuildFile section */
		8288C94B191C167100F4E68D /* Foundation.framework in Frameworks */ = {isa = PBXBuildFile; fileRef = 8288C94A191C167100F4E68D /* Foundation.framework */; };
		8288C94D191C167100F4E68D /* CoreGraphics.framework in Frameworks */ = {isa = PBXBuildFile; fileRef = 8288C94C191C167100F4E68D /* CoreGraphics.framework */; };
		8288C94F191C167100F4E68D /* UIKit.framework in Frameworks */ = {isa = PBXBuildFile; fileRef = 8288C94E191C167100F4E68D /* UIKit.framework */; };
		8288C955191C167100F4E68D /* InfoPlist.strings in Resources */ = {isa = PBXBuildFile; fileRef = 8288C953191C167100F4E68D /* InfoPlist.strings */; };
		8288C957191C167100F4E68D /* main.m in Sources */ = {isa = PBXBuildFile; fileRef = 8288C956191C167100F4E68D /* main.m */; };
		8288C95B191C167100F4E68D /* ALIAppDelegate.m in Sources */ = {isa = PBXBuildFile; fileRef = 8288C95A191C167100F4E68D /* ALIAppDelegate.m */; };
		8288C95E191C167100F4E68D /* Main.storyboard in Resources */ = {isa = PBXBuildFile; fileRef = 8288C95C191C167100F4E68D /* Main.storyboard */; };
		8288C961191C167100F4E68D /* ALIViewController.m in Sources */ = {isa = PBXBuildFile; fileRef = 8288C960191C167100F4E68D /* ALIViewController.m */; };
		8288C963191C167100F4E68D /* Images.xcassets in Resources */ = {isa = PBXBuildFile; fileRef = 8288C962191C167100F4E68D /* Images.xcassets */; };
		8288C96A191C167100F4E68D /* XCTest.framework in Frameworks */ = {isa = PBXBuildFile; fileRef = 8288C969191C167100F4E68D /* XCTest.framework */; };
		8288C96B191C167100F4E68D /* Foundation.framework in Frameworks */ = {isa = PBXBuildFile; fileRef = 8288C94A191C167100F4E68D /* Foundation.framework */; };
		8288C96C191C167100F4E68D /* UIKit.framework in Frameworks */ = {isa = PBXBuildFile; fileRef = 8288C94E191C167100F4E68D /* UIKit.framework */; };
		8288C974191C167100F4E68D /* InfoPlist.strings in Resources */ = {isa = PBXBuildFile; fileRef = 8288C972191C167100F4E68D /* InfoPlist.strings */; };
		8288C976191C167100F4E68D /* Com_que_roupa_eu_vou_Tests.m in Sources */ = {isa = PBXBuildFile; fileRef = 8288C975191C167100F4E68D /* Com_que_roupa_eu_vou_Tests.m */; };
/* End PBXBuildFile section */

/* Begin PBXContainerItemProxy section */
		8288C96D191C167100F4E68D /* PBXContainerItemProxy */ = {
			isa = PBXContainerItemProxy;
			containerPortal = 8288C93F191C167100F4E68D /* Project object */;
			proxyType = 1;
			remoteGlobalIDString = 8288C946191C167100F4E68D;
			remoteInfo = "Com que roupa eu vou.";
		};
/* End PBXContainerItemProxy section */

/* Begin PBXFileReference section */
		8288C947191C167100F4E68D /* Com que roupa eu vou..app */ = {isa = PBXFileReference; explicitFileType = wrapper.application; includeInIndex = 0; path = "Com que roupa eu vou..app"; sourceTree = BUILT_PRODUCTS_DIR; };
		8288C94A191C167100F4E68D /* Foundation.framework */ = {isa = PBXFileReference; lastKnownFileType = wrapper.framework; name = Foundation.framework; path = System/Library/Frameworks/Foundation.framework; sourceTree = SDKROOT; };
		8288C94C191C167100F4E68D /* CoreGraphics.framework */ = {isa = PBXFileReference; lastKnownFileType = wrapper.framework; name = CoreGraphics.framework; path = System/Library/Frameworks/CoreGraphics.framework; sourceTree = SDKROOT; };
		8288C94E191C167100F4E68D /* UIKit.framework */ = {isa = PBXFileReference; lastKnownFileType = wrapper.framework; name = UIKit.framework; path = System/Library/Frameworks/UIKit.framework; sourceTree = SDKROOT; };
		8288C952191C167100F4E68D /* Com que roupa eu vou.-Info.plist */ = {isa = PBXFileReference; lastKnownFileType = text.plist.xml; path = "Com que roupa eu vou.-Info.plist"; sourceTree = "<group>"; };
		8288C954191C167100F4E68D /* en */ = {isa = PBXFileReference; lastKnownFileType = text.plist.strings; name = en; path = en.lproj/InfoPlist.strings; sourceTree = "<group>"; };
		8288C956191C167100F4E68D /* main.m */ = {isa = PBXFileReference; lastKnownFileType = sourcecode.c.objc; path = main.m; sourceTree = "<group>"; };
		8288C958191C167100F4E68D /* Com que roupa eu vou.-Prefix.pch */ = {isa = PBXFileReference; lastKnownFileType = sourcecode.c.h; path = "Com que roupa eu vou.-Prefix.pch"; sourceTree = "<group>"; };
		8288C959191C167100F4E68D /* ALIAppDelegate.h */ = {isa = PBXFileReference; lastKnownFileType = sourcecode.c.h; path = ALIAppDelegate.h; sourceTree = "<group>"; };
		8288C95A191C167100F4E68D /* ALIAppDelegate.m */ = {isa = PBXFileReference; lastKnownFileType = sourcecode.c.objc; path = ALIAppDelegate.m; sourceTree = "<group>"; };
		8288C95D191C167100F4E68D /* Base */ = {isa = PBXFileReference; lastKnownFileType = file.storyboard; name = Base; path = Base.lproj/Main.storyboard; sourceTree = "<group>"; };
		8288C95F191C167100F4E68D /* ALIViewController.h */ = {isa = PBXFileReference; lastKnownFileType = sourcecode.c.h; path = ALIViewController.h; sourceTree = "<group>"; };
		8288C960191C167100F4E68D /* ALIViewController.m */ = {isa = PBXFileReference; lastKnownFileType = sourcecode.c.objc; path = ALIViewController.m; sourceTree = "<group>"; };
		8288C962191C167100F4E68D /* Images.xcassets */ = {isa = PBXFileReference; lastKnownFileType = folder.assetcatalog; path = Images.xcassets; sourceTree = "<group>"; };
		8288C968191C167100F4E68D /* Com que roupa eu vou.Tests.xctest */ = {isa = PBXFileReference; explicitFileType = wrapper.cfbundle; includeInIndex = 0; path = "Com que roupa eu vou.Tests.xctest"; sourceTree = BUILT_PRODUCTS_DIR; };
		8288C969191C167100F4E68D /* XCTest.framework */ = {isa = PBXFileReference; lastKnownFileType = wrapper.framework; name = XCTest.framework; path = Library/Frameworks/XCTest.framework; sourceTree = DEVELOPER_DIR; };
		8288C971191C167100F4E68D /* Com que roupa eu vou.Tests-Info.plist */ = {isa = PBXFileReference; lastKnownFileType = text.plist.xml; path = "Com que roupa eu vou.Tests-Info.plist"; sourceTree = "<group>"; };
		8288C973191C167100F4E68D /* en */ = {isa = PBXFileReference; lastKnownFileType = text.plist.strings; name = en; path = en.lproj/InfoPlist.strings; sourceTree = "<group>"; };
		8288C975191C167100F4E68D /* Com_que_roupa_eu_vou_Tests.m */ = {isa = PBXFileReference; lastKnownFileType = sourcecode.c.objc; path = Com_que_roupa_eu_vou_Tests.m; sourceTree = "<group>"; };
/* End PBXFileReference section */

/* Begin PBXFrameworksBuildPhase section */
		8288C944191C167100F4E68D /* Frameworks */ = {
			isa = PBXFrameworksBuildPhase;
			buildActionMask = 2147483647;
			files = (
				8288C94D191C167100F4E68D /* CoreGraphics.framework in Frameworks */,
				8288C94F191C167100F4E68D /* UIKit.framework in Frameworks */,
				8288C94B191C167100F4E68D /* Foundation.framework in Frameworks */,
			);
			runOnlyForDeploymentPostprocessing = 0;
		};
		8288C965191C167100F4E68D /* Frameworks */ = {
			isa = PBXFrameworksBuildPhase;
			buildActionMask = 2147483647;
			files = (
				8288C96A191C167100F4E68D /* XCTest.framework in Frameworks */,
				8288C96C191C167100F4E68D /* UIKit.framework in Frameworks */,
				8288C96B191C167100F4E68D /* Foundation.framework in Frameworks */,
			);
			runOnlyForDeploymentPostprocessing = 0;
		};
/* End PBXFrameworksBuildPhase section */

/* Begin PBXGroup section */
		8288C93E191C167100F4E68D = {
			isa = PBXGroup;
			children = (
				8288C950191C167100F4E68D /* Com que roupa eu vou. */,
				8288C96F191C167100F4E68D /* Com que roupa eu vou.Tests */,
				8288C949191C167100F4E68D /* Frameworks */,
				8288C948191C167100F4E68D /* Products */,
			);
			sourceTree = "<group>";
		};
		8288C948191C167100F4E68D /* Products */ = {
			isa = PBXGroup;
			children = (
				8288C947191C167100F4E68D /* Com que roupa eu vou..app */,
				8288C968191C167100F4E68D /* Com que roupa eu vou.Tests.xctest */,
			);
			name = Products;
			sourceTree = "<group>";
		};
		8288C949191C167100F4E68D /* Frameworks */ = {
			isa = PBXGroup;
			children = (
				8288C94A191C167100F4E68D /* Foundation.framework */,
				8288C94C191C167100F4E68D /* CoreGraphics.framework */,
				8288C94E191C167100F4E68D /* UIKit.framework */,
				8288C969191C167100F4E68D /* XCTest.framework */,
			);
			name = Frameworks;
			sourceTree = "<group>";
		};
		8288C950191C167100F4E68D /* Com que roupa eu vou. */ = {
			isa = PBXGroup;
			children = (
				8288C959191C167100F4E68D /* ALIAppDelegate.h */,
				8288C95A191C167100F4E68D /* ALIAppDelegate.m */,
				8288C95C191C167100F4E68D /* Main.storyboard */,
				8288C95F191C167100F4E68D /* ALIViewController.h */,
				8288C960191C167100F4E68D /* ALIViewController.m */,
				8288C962191C167100F4E68D /* Images.xcassets */,
				8288C951191C167100F4E68D /* Supporting Files */,
			);
			path = "Com que roupa eu vou.";
			sourceTree = "<group>";
		};
		8288C951191C167100F4E68D /* Supporting Files */ = {
			isa = PBXGroup;
			children = (
				8288C952191C167100F4E68D /* Com que roupa eu vou.-Info.plist */,
				8288C953191C167100F4E68D /* InfoPlist.strings */,
				8288C956191C167100F4E68D /* main.m */,
				8288C958191C167100F4E68D /* Com que roupa eu vou.-Prefix.pch */,
			);
			name = "Supporting Files";
			sourceTree = "<group>";
		};
		8288C96F191C167100F4E68D /* Com que roupa eu vou.Tests */ = {
			isa = PBXGroup;
			children = (
				8288C975191C167100F4E68D /* Com_que_roupa_eu_vou_Tests.m */,
				8288C970191C167100F4E68D /* Supporting Files */,
			);
			path = "Com que roupa eu vou.Tests";
			sourceTree = "<group>";
		};
		8288C970191C167100F4E68D /* Supporting Files */ = {
			isa = PBXGroup;
			children = (
				8288C971191C167100F4E68D /* Com que roupa eu vou.Tests-Info.plist */,
				8288C972191C167100F4E68D /* InfoPlist.strings */,
			);
			name = "Supporting Files";
			sourceTree = "<group>";
		};
/* End PBXGroup section */

/* Begin PBXNativeTarget section */
		8288C946191C167100F4E68D /* Com que roupa eu vou. */ = {
			isa = PBXNativeTarget;
			buildConfigurationList = 8288C979191C167100F4E68D /* Build configuration list for PBXNativeTarget "Com que roupa eu vou." */;
			buildPhases = (
				8288C943191C167100F4E68D /* Sources */,
				8288C944191C167100F4E68D /* Frameworks */,
				8288C945191C167100F4E68D /* Resources */,
			);
			buildRules = (
			);
			dependencies = (
			);
			name = "Com que roupa eu vou.";
			productName = "Com que roupa eu vou.";
			productReference = 8288C947191C167100F4E68D /* Com que roupa eu vou..app */;
			productType = "com.apple.product-type.application";
		};
		8288C967191C167100F4E68D /* Com que roupa eu vou.Tests */ = {
			isa = PBXNativeTarget;
			buildConfigurationList = 8288C97C191C167100F4E68D /* Build configuration list for PBXNativeTarget "Com que roupa eu vou.Tests" */;
			buildPhases = (
				8288C964191C167100F4E68D /* Sources */,
				8288C965191C167100F4E68D /* Frameworks */,
				8288C966191C167100F4E68D /* Resources */,
			);
			buildRules = (
			);
			dependencies = (
				8288C96E191C167100F4E68D /* PBXTargetDependency */,
			);
			name = "Com que roupa eu vou.Tests";
			productName = "Com que roupa eu vou.Tests";
			productReference = 8288C968191C167100F4E68D /* Com que roupa eu vou.Tests.xctest */;
			productType = "com.apple.product-type.bundle.unit-test";
		};
/* End PBXNativeTarget section */

/* Begin PBXProject section */
		8288C93F191C167100F4E68D /* Project object */ = {
			isa = PBXProject;
			attributes = {
				CLASSPREFIX = ALI;
				LastUpgradeCheck = 0510;
				ORGANIZATIONNAME = com.bit4All.comqueroupa;
				TargetAttributes = {
					8288C967191C167100F4E68D = {
						TestTargetID = 8288C946191C167100F4E68D;
					};
				};
			};
			buildConfigurationList = 8288C942191C167100F4E68D /* Build configuration list for PBXProject "Com que roupa eu vou." */;
			compatibilityVersion = "Xcode 3.2";
			developmentRegion = English;
			hasScannedForEncodings = 0;
			knownRegions = (
				en,
				Base,
			);
			mainGroup = 8288C93E191C167100F4E68D;
			productRefGroup = 8288C948191C167100F4E68D /* Products */;
			projectDirPath = "";
			projectRoot = "";
			targets = (
				8288C946191C167100F4E68D /* Com que roupa eu vou. */,
				8288C967191C167100F4E68D /* Com que roupa eu vou.Tests */,
			);
		};
/* End PBXProject section */

/* Begin PBXResourcesBuildPhase section */
		8288C945191C167100F4E68D /* Resources */ = {
			isa = PBXResourcesBuildPhase;
			buildActionMask = 2147483647;
			files = (
				8288C963191C167100F4E68D /* Images.xcassets in Resources */,
				8288C955191C167100F4E68D /* InfoPlist.strings in Resources */,
				8288C95E191C167100F4E68D /* Main.storyboard in Resources */,
			);
			runOnlyForDeploymentPostprocessing = 0;
		};
		8288C966191C167100F4E68D /* Resources */ = {
			isa = PBXResourcesBuildPhase;
			buildActionMask = 2147483647;
			files = (
				8288C974191C167100F4E68D /* InfoPlist.strings in Resources */,
			);
			runOnlyForDeploymentPostprocessing = 0;
		};
/* End PBXResourcesBuildPhase section */

/* Begin PBXSourcesBuildPhase section */
		8288C943191C167100F4E68D /* Sources */ = {
			isa = PBXSourcesBuildPhase;
			buildActionMask = 2147483647;
			files = (
				8288C961191C167100F4E68D /* ALIViewController.m in Sources */,
				8288C957191C167100F4E68D /* main.m in Sources */,
				8288C95B191C167100F4E68D /* ALIAppDelegate.m in Sources */,
			);
			runOnlyForDeploymentPostprocessing = 0;
		};
		8288C964191C167100F4E68D /* Sources */ = {
			isa = PBXSourcesBuildPhase;
			buildActionMask = 2147483647;
			files = (
				8288C976191C167100F4E68D /* Com_que_roupa_eu_vou_Tests.m in Sources */,
			);
			runOnlyForDeploymentPostprocessing = 0;
		};
/* End PBXSourcesBuildPhase section */

/* Begin PBXTargetDependency section */
		8288C96E191C167100F4E68D /* PBXTargetDependency */ = {
			isa = PBXTargetDependency;
			target = 8288C946191C167100F4E68D /* Com que roupa eu vou. */;
			targetProxy = 8288C96D191C167100F4E68D /* PBXContainerItemProxy */;
		};
/* End PBXTargetDependency section */

/* Begin PBXVariantGroup section */
		8288C953191C167100F4E68D /* InfoPlist.strings */ = {
			isa = PBXVariantGroup;
			children = (
				8288C954191C167100F4E68D /* en */,
			);
			name = InfoPlist.strings;
			sourceTree = "<group>";
		};
		8288C95C191C167100F4E68D /* Main.storyboard */ = {
			isa = PBXVariantGroup;
			children = (
				8288C95D191C167100F4E68D /* Base */,
			);
			name = Main.storyboard;
			sourceTree = "<group>";
		};
		8288C972191C167100F4E68D /* InfoPlist.strings */ = {
			isa = PBXVariantGroup;
			children = (
				8288C973191C167100F4E68D /* en */,
			);
			name = InfoPlist.strings;
			sourceTree = "<group>";
		};
/* End PBXVariantGroup section */

/* Begin XCBuildConfiguration section */
		8288C977191C167100F4E68D /* Debug */ = {
			isa = XCBuildConfiguration;
			buildSettings = {
				ALWAYS_SEARCH_USER_PATHS = NO;
				CLANG_CXX_LANGUAGE_STANDARD = "gnu++0x";
				CLANG_CXX_LIBRARY = "libc++";
				CLANG_ENABLE_MODULES = YES;
				CLANG_ENABLE_OBJC_ARC = YES;
				CLANG_WARN_BOOL_CONVERSION = YES;
				CLANG_WARN_CONSTANT_CONVERSION = YES;
				CLANG_WARN_DIRECT_OBJC_ISA_USAGE = YES_ERROR;
				CLANG_WARN_EMPTY_BODY = YES;
				CLANG_WARN_ENUM_CONVERSION = YES;
				CLANG_WARN_INT_CONVERSION = YES;
				CLANG_WARN_OBJC_ROOT_CLASS = YES_ERROR;
				CLANG_WARN__DUPLICATE_METHOD_MATCH = YES;
				"CODE_SIGN_IDENTITY[sdk=iphoneos*]" = "iPhone Developer";
				COPY_PHASE_STRIP = NO;
				GCC_C_LANGUAGE_STANDARD = gnu99;
				GCC_DYNAMIC_NO_PIC = NO;
				GCC_OPTIMIZATION_LEVEL = 0;
				GCC_PREPROCESSOR_DEFINITIONS = (
					"DEBUG=1",
					"$(inherited)",
				);
				GCC_SYMBOLS_PRIVATE_EXTERN = NO;
				GCC_WARN_64_TO_32_BIT_CONVERSION = YES;
				GCC_WARN_ABOUT_RETURN_TYPE = YES_ERROR;
				GCC_WARN_UNDECLARED_SELECTOR = YES;
				GCC_WARN_UNINITIALIZED_AUTOS = YES_AGGRESSIVE;
				GCC_WARN_UNUSED_FUNCTION = YES;
				GCC_WARN_UNUSED_VARIABLE = YES;
				IPHONEOS_DEPLOYMENT_TARGET = 7.1;
				ONLY_ACTIVE_ARCH = YES;
				SDKROOT = iphoneos;
			};
			name = Debug;
		};
		8288C978191C167100F4E68D /* Release */ = {
			isa = XCBuildConfiguration;
			buildSettings = {
				ALWAYS_SEARCH_USER_PATHS = NO;
				CLANG_CXX_LANGUAGE_STANDARD = "gnu++0x";
				CLANG_CXX_LIBRARY = "libc++";
				CLANG_ENABLE_MODULES = YES;
				CLANG_ENABLE_OBJC_ARC = YES;
				CLANG_WARN_BOOL_CONVERSION = YES;
				CLANG_WARN_CONSTANT_CONVERSION = YES;
				CLANG_WARN_DIRECT_OBJC_ISA_USAGE = YES_ERROR;
				CLANG_WARN_EMPTY_BODY = YES;
				CLANG_WARN_ENUM_CONVERSION = YES;
				CLANG_WARN_INT_CONVERSION = YES;
				CLANG_WARN_OBJC_ROOT_CLASS = YES_ERROR;
				CLANG_WARN__DUPLICATE_METHOD_MATCH = YES;
				"CODE_SIGN_IDENTITY[sdk=iphoneos*]" = "iPhone Developer";
				COPY_PHASE_STRIP = YES;
				ENABLE_NS_ASSERTIONS = NO;
				GCC_C_LANGUAGE_STANDARD = gnu99;
				GCC_WARN_64_TO_32_BIT_CONVERSION = YES;
				GCC_WARN_ABOUT_RETURN_TYPE = YES_ERROR;
				GCC_WARN_UNDECLARED_SELECTOR = YES;
				GCC_WARN_UNINITIALIZED_AUTOS = YES_AGGRESSIVE;
				GCC_WARN_UNUSED_FUNCTION = YES;
				GCC_WARN_UNUSED_VARIABLE = YES;
				IPHONEOS_DEPLOYMENT_TARGET = 7.1;
				SDKROOT = iphoneos;
				VALIDATE_PRODUCT = YES;
			};
			name = Release;
		};
		8288C97A191C167100F4E68D /* Debug */ = {
			isa = XCBuildConfiguration;
			buildSettings = {
				ASSETCATALOG_COMPILER_APPICON_NAME = AppIcon;
				ASSETCATALOG_COMPILER_LAUNCHIMAGE_NAME = LaunchImage;
				GCC_PRECOMPILE_PREFIX_HEADER = YES;
				GCC_PREFIX_HEADER = "Com que roupa eu vou./Com que roupa eu vou.-Prefix.pch";
				INFOPLIST_FILE = "Com que roupa eu vou./Com que roupa eu vou.-Info.plist";
				PRODUCT_NAME = "$(TARGET_NAME)";
				WRAPPER_EXTENSION = app;
			};
			name = Debug;
		};
		8288C97B191C167100F4E68D /* Release */ = {
			isa = XCBuildConfiguration;
			buildSettings = {
				ASSETCATALOG_COMPILER_APPICON_NAME = AppIcon;
				ASSETCATALOG_COMPILER_LAUNCHIMAGE_NAME = LaunchImage;
				GCC_PRECOMPILE_PREFIX_HEADER = YES;
				GCC_PREFIX_HEADER = "Com que roupa eu vou./Com que roupa eu vou.-Prefix.pch";
				INFOPLIST_FILE = "Com que roupa eu vou./Com que roupa eu vou.-Info.plist";
				PRODUCT_NAME = "$(TARGET_NAME)";
				WRAPPER_EXTENSION = app;
			};
			name = Release;
		};
		8288C97D191C167100F4E68D /* Debug */ = {
			isa = XCBuildConfiguration;
			buildSettings = {
				BUNDLE_LOADER = "$(BUILT_PRODUCTS_DIR)/Com que roupa eu vou..app/Com que roupa eu vou.";
				FRAMEWORK_SEARCH_PATHS = (
					"$(SDKROOT)/Developer/Library/Frameworks",
					"$(inherited)",
					"$(DEVELOPER_FRAMEWORKS_DIR)",
				);
				GCC_PRECOMPILE_PREFIX_HEADER = YES;
				GCC_PREFIX_HEADER = "Com que roupa eu vou./Com que roupa eu vou.-Prefix.pch";
				GCC_PREPROCESSOR_DEFINITIONS = (
					"DEBUG=1",
					"$(inherited)",
				);
				INFOPLIST_FILE = "Com que roupa eu vou.Tests/Com que roupa eu vou.Tests-Info.plist";
				PRODUCT_NAME = "$(TARGET_NAME)";
				TEST_HOST = "$(BUNDLE_LOADER)";
				WRAPPER_EXTENSION = xctest;
			};
			name = Debug;
		};
		8288C97E191C167100F4E68D /* Release */ = {
			isa = XCBuildConfiguration;
			buildSettings = {
				BUNDLE_LOADER = "$(BUILT_PRODUCTS_DIR)/Com que roupa eu vou..app/Com que roupa eu vou.";
				FRAMEWORK_SEARCH_PATHS = (
					"$(SDKROOT)/Developer/Library/Frameworks",
					"$(inherited)",
					"$(DEVELOPER_FRAMEWORKS_DIR)",
				);
				GCC_PRECOMPILE_PREFIX_HEADER = YES;
				GCC_PREFIX_HEADER = "Com que roupa eu vou./Com que roupa eu vou.-Prefix.pch";
				INFOPLIST_FILE = "Com que roupa eu vou.Tests/Com que roupa eu vou.Tests-Info.plist";
				PRODUCT_NAME = "$(TARGET_NAME)";
				TEST_HOST = "$(BUNDLE_LOADER)";
				WRAPPER_EXTENSION = xctest;
			};
			name = Release;
		};
/* End XCBuildConfiguration section */

/* Begin XCConfigurationList section */
		8288C942191C167100F4E68D /* Build configuration list for PBXProject "Com que roupa eu vou." */ = {
			isa = XCConfigurationList;
			buildConfigurations = (
				8288C977191C167100F4E68D /* Debug */,
				8288C978191C167100F4E68D /* Release */,
			);
			defaultConfigurationIsVisible = 0;
			defaultConfigurationName = Release;
		};
		8288C979191C167100F4E68D /* Build configuration list for PBXNativeTarget "Com que roupa eu vou." */ = {
			isa = XCConfigurationList;
			buildConfigurations = (
				8288C97A191C167100F4E68D /* Debug */,
				8288C97B191C167100F4E68D /* Release */,
			);
			defaultConfigurationIsVisible = 0;
		};
		8288C97C191C167100F4E68D /* Build configuration list for PBXNativeTarget "Com que roupa eu vou.Tests" */ = {
			isa = XCConfigurationList;
			buildConfigurations = (
				8288C97D191C167100F4E68D /* Debug */,
				8288C97E191C167100F4E68D /* Release */,
			);
			defaultConfigurationIsVisible = 0;
		};
/* End XCConfigurationList section */
	};
	rootObject = 8288C93F191C167100F4E68D /* Project object */;
}
